{"filter":false,"title":"Gemfile.lock","tooltip":"/Gemfile.lock","ace":{"folds":[],"scrolltop":4389,"scrollleft":0,"selection":{"start":{"row":0,"column":0},"end":{"row":0,"column":0},"isBackwards":false},"options":{"guessTabSize":true,"useWrapMode":false,"wrapToView":true},"firstLineState":0},"hash":"5fb91def02ca48e4c4f2d6a0af1f95bf3a8c7881","undoManager":{"mark":0,"position":-1,"stack":[]},"timestamp":1424041242000}